# This file is automatically @generated by Cargo.
# It is not intended for manual editing.
version = 3

[[package]]
name = "day06"
version = "0.1.0"
dependencies = [
 "ringbuffer",
]

[[package]]
name = "ringbuffer"
version = "0.10.0"
source = "registry+https://github.com/rust-lang/crates.io-index"
checksum = "310a2514cb46bb500a2f2ad70c79c51c5a475cc23faa245d2c675faabe889370"
